
Microsoft Visual Studio Solution File, Format Version 12.00
# Visual Studio Version 17
VisualStudioVersion = 17.3.32819.101
MinimumVisualStudioVersion = 10.0.40219.1
Project("{FAE04EC0-301F-11D3-BF4B-00C04F79EFBC}") = "Teaching", "Teaching\Teaching.csproj", "{60C0DB60-2C13-4086-87B1-16516A2DCA7A}"
EndProject
Project("{FAE04EC0-301F-11D3-BF4B-00C04F79EFBC}") = "DataStructure", "DataStructure\DataStructure.csproj", "{B8453F75-3894-4148-B906-087882FF4D05}"
EndProject
Global
	GlobalSection(SolutionConfigurationPlatforms) = preSolution
		Debug|Any CPU = Debug|Any CPU
		Release|Any CPU = Release|Any CPU
	EndGlobalSection
	GlobalSection(ProjectConfigurationPlatforms) = postSolution
		{60C0DB60-2C13-4086-87B1-16516A2DCA7A}.Debug|Any CPU.ActiveCfg = Debug|Any CPU
		{60C0DB60-2C13-4086-87B1-16516A2DCA7A}.Debug|Any CPU.Build.0 = Debug|Any CPU
		{60C0DB60-2C13-4086-87B1-16516A2DCA7A}.Release|Any CPU.ActiveCfg = Release|Any CPU
		{60C0DB60-2C13-4086-87B1-16516A2DCA7A}.Release|Any CPU.Build.0 = Release|Any CPU
		{B8453F75-3894-4148-B906-087882FF4D05}.Debug|Any CPU.ActiveCfg = Debug|Any CPU
		{B8453F75-3894-4148-B906-087882FF4D05}.Debug|Any CPU.Build.0 = Debug|Any CPU
		{B8453F75-3894-4148-B906-087882FF4D05}.Release|Any CPU.ActiveCfg = Release|Any CPU
		{B8453F75-3894-4148-B906-087882FF4D05}.Release|Any CPU.Build.0 = Release|Any CPU
	EndGlobalSection
	GlobalSection(SolutionProperties) = preSolution
		HideSolutionNode = FALSE
	EndGlobalSection
	GlobalSection(ExtensibilityGlobals) = postSolution
		SolutionGuid = {A361F439-45B8-4926-A738-9625A921BC26}
	EndGlobalSection
EndGlobal
